
Microsoft Visual Studio Solution File, Format Version 12.00
# Visual Studio Version 16
VisualStudioVersion = 16.0.30907.101
MinimumVisualStudioVersion = 10.0.40219.1
Project("{FAE04EC0-301F-11D3-BF4B-00C04F79EFBC}") = "ConsoleAppLesson_6", "ConsoleAppLesson_6\ConsoleAppLesson_6.csproj", "{1E59490D-A8D0-4302-89AD-64192E12EA0D}"
EndProject
Global
	GlobalSection(SolutionConfigurationPlatforms) = preSolution
		Debug|Any CPU = Debug|Any CPU
		Release|Any CPU = Release|Any CPU
	EndGlobalSection
	GlobalSection(ProjectConfigurationPlatforms) = postSolution
		{1E59490D-A8D0-4302-89AD-64192E12EA0D}.Debug|Any CPU.ActiveCfg = Debug|Any CPU
		{1E59490D-A8D0-4302-89AD-64192E12EA0D}.Debug|Any CPU.Build.0 = Debug|Any CPU
		{1E59490D-A8D0-4302-89AD-64192E12EA0D}.Release|Any CPU.ActiveCfg = Release|Any CPU
		{1E59490D-A8D0-4302-89AD-64192E12EA0D}.Release|Any CPU.Build.0 = Release|Any CPU
	EndGlobalSection
	GlobalSection(SolutionProperties) = preSolution
		HideSolutionNode = FALSE
	EndGlobalSection
	GlobalSection(ExtensibilityGlobals) = postSolution
		SolutionGuid = {2CC62EE4-CAE5-4526-83DA-79ACBB4A79AC}
	EndGlobalSection
EndGlobal
